
Microsoft Visual Studio Solution File, Format Version 12.00
# Visual Studio Version 17
VisualStudioVersion = 17.0.31912.275
MinimumVisualStudioVersion = 10.0.40219.1
Project("{9A19103F-16F7-4668-BE54-9A1E7A4F7556}") = "DioFLix", "DesafioDIO\DioFLix.csproj", "{4421E927-4C09-4BF6-BC7D-51A7F92A73EF}"
EndProject
Global
	GlobalSection(SolutionConfigurationPlatforms) = preSolution
		Debug|Any CPU = Debug|Any CPU
		Release|Any CPU = Release|Any CPU
	EndGlobalSection
	GlobalSection(ProjectConfigurationPlatforms) = postSolution
		{4421E927-4C09-4BF6-BC7D-51A7F92A73EF}.Debug|Any CPU.ActiveCfg = Debug|Any CPU
		{4421E927-4C09-4BF6-BC7D-51A7F92A73EF}.Debug|Any CPU.Build.0 = Debug|Any CPU
		{4421E927-4C09-4BF6-BC7D-51A7F92A73EF}.Release|Any CPU.ActiveCfg = Release|Any CPU
		{4421E927-4C09-4BF6-BC7D-51A7F92A73EF}.Release|Any CPU.Build.0 = Release|Any CPU
	EndGlobalSection
	GlobalSection(SolutionProperties) = preSolution
		HideSolutionNode = FALSE
	EndGlobalSection
	GlobalSection(ExtensibilityGlobals) = postSolution
		SolutionGuid = {E3972067-D8A6-46D1-ACB3-D7B56D446323}
	EndGlobalSection
EndGlobal
